
Microsoft Visual Studio Solution File, Format Version 12.00
# Visual Studio Version 17
VisualStudioVersion = 17.14.36301.6
MinimumVisualStudioVersion = 10.0.40219.1
Project("{FAE04EC0-301F-11D3-BF4B-00C04F79EFBC}") = "Caster", "Caster\Caster.csproj", "{D351B529-AC07-4082-8EFE-0036EA6EF10F}"
EndProject
Global
	GlobalSection(SolutionConfigurationPlatforms) = preSolution
		Debug|Any CPU = Debug|Any CPU
		Release|Any CPU = Release|Any CPU
	EndGlobalSection
	GlobalSection(ProjectConfigurationPlatforms) = postSolution
		{D351B529-AC07-4082-8EFE-0036EA6EF10F}.Debug|Any CPU.ActiveCfg = Debug|Any CPU
		{D351B529-AC07-4082-8EFE-0036EA6EF10F}.Debug|Any CPU.Build.0 = Debug|Any CPU
		{D351B529-AC07-4082-8EFE-0036EA6EF10F}.Release|Any CPU.ActiveCfg = Release|Any CPU
		{D351B529-AC07-4082-8EFE-0036EA6EF10F}.Release|Any CPU.Build.0 = Release|Any CPU
	EndGlobalSection
	GlobalSection(SolutionProperties) = preSolution
		HideSolutionNode = FALSE
	EndGlobalSection
	GlobalSection(ExtensibilityGlobals) = postSolution
		SolutionGuid = {322F9E24-41CE-4809-AC69-BA8A4826A716}
	EndGlobalSection
EndGlobal
